# This is an auto-generated file. Please do not modify it directly.
# For more information on the format of this file, see https://yarnpkg.com/en/docs/yarn-lock

"@babel/code-frame@^7.10.1":
  version "7.12.11"
  resolved "https://registry.yarnpkg.com/@babel/code-frame/-/code-frame-7.12.11.tgz#83c2e276bb494aa9bb6b61869f7f62e89dddf84a"
  integrity sha512-IF4E3B7UJ1UJ00G+2CU0YA66GbO0Zj4RTJ1ykg59g+wW+4N7RxwoYUKn9FdfhpgF8tfpYh4tX8p0t0IhpheT5w==
  dependencies:
    "@babel/highlight" "^7.10.1"

"@babel/highlight@^7.10.1":
  version "7.10.4"
  resolved "https://registry.yarnpkg.com/@babel/highlight/-/highlight-7.10.4.tgz#d4f19b08ed61a5431b9a058cc1d970d0bf93ecfc"
  integrity sha512-u6vRUMZewHyj5ZT9W+qjxCQjOQ+FlExCfUOoQvInXZ+ClK6KffD7KOq+MSQpmFcmMZPMVrcgL14pOKJD7kHmxA==
  dependencies:
    "@babel/helper-validator-identifier" "^7.10.4"
    chalk "^2.0.0"
    js-tokens "^4.0.0"

...

# truncated for brevity

...

zone.js@^0.11.3:
  version "0.11.4"
  resolved "https://registry.yarnpkg.com/zone.js/-/zone.js-0.11.4.tgz#d12bdbabf00874ac555f11b7a2d1cf38048f1b78"
  integrity sha512-Jq2nMCpoQwYhWh4YZofZRJvryBcFtHoHZCq51LVXUwAYp3hTwUgbwUgr4oMP5kEPI2cBWwhZaNx3ze6Fum7svA==

